
Microsoft Visual Studio Solution File, Format Version 12.00
# Visual Studio 14
VisualStudioVersion = 14.0.25420.1
MinimumVisualStudioVersion = 10.0.40219.1
Project("{FAE04EC0-301F-11D3-BF4B-00C04F79EFBC}") = "ConsoleApplication1", "ConsoleApplication1.csproj", "{7B6BC41D-DB34-45C0-A004-84DDA665A059}"
EndProject
Project("{FAE04EC0-301F-11D3-BF4B-00C04F79EFBC}") = "ConsoleApplication2", "..\ConsoleApplication2\ConsoleApplication2.csproj", "{4665C528-9462-4F92-83F0-C88B7C8E0F31}"
EndProject
Project("{FAE04EC0-301F-11D3-BF4B-00C04F79EFBC}") = "ConsoleApplication3", "ConsoleApplication3\ConsoleApplication3.csproj", "{67EF6D57-EB68-480A-8214-3930B6A5254A}"
EndProject
Project("{FAE04EC0-301F-11D3-BF4B-00C04F79EFBC}") = "ConsoleApplication4", "..\ConsoleApplication4\ConsoleApplication4.csproj", "{953C2939-C2AE-4536-9DA7-C0CF7BA9DC97}"
EndProject
Global
	GlobalSection(SolutionConfigurationPlatforms) = preSolution
		Debug|Any CPU = Debug|Any CPU
		Release|Any CPU = Release|Any CPU
	EndGlobalSection
	GlobalSection(ProjectConfigurationPlatforms) = postSolution
		{7B6BC41D-DB34-45C0-A004-84DDA665A059}.Debug|Any CPU.ActiveCfg = Debug|Any CPU
		{7B6BC41D-DB34-45C0-A004-84DDA665A059}.Debug|Any CPU.Build.0 = Debug|Any CPU
		{7B6BC41D-DB34-45C0-A004-84DDA665A059}.Release|Any CPU.ActiveCfg = Release|Any CPU
		{7B6BC41D-DB34-45C0-A004-84DDA665A059}.Release|Any CPU.Build.0 = Release|Any CPU
		{4665C528-9462-4F92-83F0-C88B7C8E0F31}.Debug|Any CPU.ActiveCfg = Debug|Any CPU
		{4665C528-9462-4F92-83F0-C88B7C8E0F31}.Debug|Any CPU.Build.0 = Debug|Any CPU
		{4665C528-9462-4F92-83F0-C88B7C8E0F31}.Release|Any CPU.ActiveCfg = Release|Any CPU
		{4665C528-9462-4F92-83F0-C88B7C8E0F31}.Release|Any CPU.Build.0 = Release|Any CPU
		{67EF6D57-EB68-480A-8214-3930B6A5254A}.Debug|Any CPU.ActiveCfg = Debug|Any CPU
		{67EF6D57-EB68-480A-8214-3930B6A5254A}.Debug|Any CPU.Build.0 = Debug|Any CPU
		{67EF6D57-EB68-480A-8214-3930B6A5254A}.Release|Any CPU.ActiveCfg = Release|Any CPU
		{67EF6D57-EB68-480A-8214-3930B6A5254A}.Release|Any CPU.Build.0 = Release|Any CPU
		{953C2939-C2AE-4536-9DA7-C0CF7BA9DC97}.Debug|Any CPU.ActiveCfg = Debug|Any CPU
		{953C2939-C2AE-4536-9DA7-C0CF7BA9DC97}.Debug|Any CPU.Build.0 = Debug|Any CPU
		{953C2939-C2AE-4536-9DA7-C0CF7BA9DC97}.Release|Any CPU.ActiveCfg = Release|Any CPU
		{953C2939-C2AE-4536-9DA7-C0CF7BA9DC97}.Release|Any CPU.Build.0 = Release|Any CPU
	EndGlobalSection
	GlobalSection(SolutionProperties) = preSolution
		HideSolutionNode = FALSE
	EndGlobalSection
EndGlobal
